// !$*UTF8*$!
{
	archiveVersion = 1;
	classes = {
	};
	objectVersion = 77;
	objects = {

/* Begin PBXBuildFile section */
		2A981ED92F4AD93C00F9DFC5 /* WidgetKit.framework in Frameworks */ = {isa = PBXBuildFile; fileRef = 2A981ED82F4AD93C00F9DFC5 /* WidgetKit.framework */; };
		2A981EDB2F4AD93C00F9DFC5 /* SwiftUI.framework in Frameworks */ = {isa = PBXBuildFile; fileRef = 2A981EDA2F4AD93C00F9DFC5 /* SwiftUI.framework */; };
		2A981EEC2F4AD93E00F9DFC5 /* 수당수당위젯Extension.appex in Embed Foundation Extensions */ = {isa = PBXBuildFile; fileRef = 2A981ED72F4AD93C00F9DFC5 /* 수당수당위젯Extension.appex */; settings = {ATTRIBUTES = (RemoveHeadersOnCopy, ); }; };
		2AF412C92F31AE730011864D /* Auth in Frameworks */ = {isa = PBXBuildFile; productRef = 2AF412C82F31AE730011864D /* Auth */; };
		2AF412CB2F31AE730011864D /* Supabase in Frameworks */ = {isa = PBXBuildFile; productRef = 2AF412CA2F31AE730011864D /* Supabase */; };
		2AF413E42F32995E0011864D /* KakaoSDK in Frameworks */ = {isa = PBXBuildFile; productRef = 2AF413E32F32995E0011864D /* KakaoSDK */; };
		2AF413E62F32995E0011864D /* KakaoSDKAuth in Frameworks */ = {isa = PBXBuildFile; productRef = 2AF413E52F32995E0011864D /* KakaoSDKAuth */; };
		2AF413E82F32995E0011864D /* KakaoSDKCommon in Frameworks */ = {isa = PBXBuildFile; productRef = 2AF413E72F32995E0011864D /* KakaoSDKCommon */; };
		2AF413EB2F336E130011864D /* FirebaseAnalytics in Frameworks */ = {isa = PBXBuildFile; productRef = 2AF413EA2F336E130011864D /* FirebaseAnalytics */; };
/* End PBXBuildFile section */

/* Begin PBXContainerItemProxy section */
		2A981EEA2F4AD93E00F9DFC5 /* PBXContainerItemProxy */ = {
			isa = PBXContainerItemProxy;
			containerPortal = 2AF4123B2F31180E0011864D /* Project object */;
			proxyType = 1;
			remoteGlobalIDString = 2A981ED62F4AD93C00F9DFC5;
			remoteInfo = "수당수당위젯Extension";
		};
		2AF412512F31180F0011864D /* PBXContainerItemProxy */ = {
			isa = PBXContainerItemProxy;
			containerPortal = 2AF4123B2F31180E0011864D /* Project object */;
			proxyType = 1;
			remoteGlobalIDString = 2AF412422F31180E0011864D;
			remoteInfo = "오늘얼마?";
		};
		2AF4125B2F31180F0011864D /* PBXContainerItemProxy */ = {
			isa = PBXContainerItemProxy;
			containerPortal = 2AF4123B2F31180E0011864D /* Project object */;
			proxyType = 1;
			remoteGlobalIDString = 2AF412422F31180E0011864D;
			remoteInfo = "오늘얼마?";
		};
/* End PBXContainerItemProxy section */

/* Begin PBXCopyFilesBuildPhase section */
		2A981EF12F4AD93E00F9DFC5 /* Embed Foundation Extensions */ = {
			isa = PBXCopyFilesBuildPhase;
			buildActionMask = 2147483647;
			dstPath = "";
			dstSubfolderSpec = 13;
			files = (
				2A981EEC2F4AD93E00F9DFC5 /* 수당수당위젯Extension.appex in Embed Foundation Extensions */,
			);
			name = "Embed Foundation Extensions";
			runOnlyForDeploymentPostprocessing = 0;
		};
/* End PBXCopyFilesBuildPhase section */

/* Begin PBXFileReference section */
		2A981ED72F4AD93C00F9DFC5 /* 수당수당위젯Extension.appex */ = {isa = PBXFileReference; explicitFileType = "wrapper.app-extension"; includeInIndex = 0; path = "수당수당위젯Extension.appex"; sourceTree = BUILT_PRODUCTS_DIR; };
		2A981ED82F4AD93C00F9DFC5 /* WidgetKit.framework */ = {isa = PBXFileReference; lastKnownFileType = wrapper.framework; name = WidgetKit.framework; path = System/Library/Frameworks/WidgetKit.framework; sourceTree = SDKROOT; };
		2A981EDA2F4AD93C00F9DFC5 /* SwiftUI.framework */ = {isa = PBXFileReference; lastKnownFileType = wrapper.framework; name = SwiftUI.framework; path = System/Library/Frameworks/SwiftUI.framework; sourceTree = SDKROOT; };
		2AF412432F31180E0011864D /* HowMuchToday.app */ = {isa = PBXFileReference; explicitFileType = wrapper.application; includeInIndex = 0; path = HowMuchToday.app; sourceTree = BUILT_PRODUCTS_DIR; };
		2AF412502F31180F0011864D /* 오늘얼마?Tests.xctest */ = {isa = PBXFileReference; explicitFileType = wrapper.cfbundle; includeInIndex = 0; name = "오늘얼마?Tests.xctest"; path = "오늘얼마Tests.xctest"; sourceTree = BUILT_PRODUCTS_DIR; };
		2AF4125A2F31180F0011864D /* 오늘얼마?UITests.xctest */ = {isa = PBXFileReference; explicitFileType = wrapper.cfbundle; includeInIndex = 0; name = "오늘얼마?UITests.xctest"; path = "오늘얼마UITests.xctest"; sourceTree = BUILT_PRODUCTS_DIR; };
		9A0F7D9B2B0E4C5F9C1E2345 /* ../Config/Secrets.xcconfig */ = {isa = PBXFileReference; lastKnownFileType = text.xcconfig; path = ../Config/Secrets.xcconfig; sourceTree = "<group>"; };
/* End PBXFileReference section */

/* Begin PBXFileSystemSynchronizedBuildFileExceptionSet section */
		2A981EED2F4AD93E00F9DFC5 /* Exceptions for "수당수당위젯" folder in "수당수당위젯Extension" target */ = {
			isa = PBXFileSystemSynchronizedBuildFileExceptionSet;
			membershipExceptions = (
				Info.plist,
			);
			target = 2A981ED62F4AD93C00F9DFC5 /* 수당수당위젯Extension */;
		};
/* End PBXFileSystemSynchronizedBuildFileExceptionSet section */

/* Begin PBXFileSystemSynchronizedRootGroup section */
		2A981EDC2F4AD93C00F9DFC5 /* 수당수당위젯 */ = {
			isa = PBXFileSystemSynchronizedRootGroup;
			exceptions = (
				2A981EED2F4AD93E00F9DFC5 /* Exceptions for "수당수당위젯" folder in "수당수당위젯Extension" target */,
			);
			path = "수당수당위젯";
			sourceTree = "<group>";
		};
		2AF412452F31180E0011864D /* 오늘얼마? */ = {
			isa = PBXFileSystemSynchronizedRootGroup;
			path = "오늘얼마?";
			sourceTree = "<group>";
		};
		2AF412532F31180F0011864D /* 오늘얼마?Tests */ = {
			isa = PBXFileSystemSynchronizedRootGroup;
			path = "오늘얼마?Tests";
			sourceTree = "<group>";
		};
		2AF4125D2F31180F0011864D /* 오늘얼마?UITests */ = {
			isa = PBXFileSystemSynchronizedRootGroup;
			path = "오늘얼마?UITests";
			sourceTree = "<group>";
		};
/* End PBXFileSystemSynchronizedRootGroup section */

/* Begin PBXFrameworksBuildPhase section */
		2A981ED42F4AD93C00F9DFC5 /* Frameworks */ = {
			isa = PBXFrameworksBuildPhase;
			buildActionMask = 2147483647;
			files = (
				2A981EDB2F4AD93C00F9DFC5 /* SwiftUI.framework in Frameworks */,
				2A981ED92F4AD93C00F9DFC5 /* WidgetKit.framework in Frameworks */,
			);
			runOnlyForDeploymentPostprocessing = 0;
		};
		2AF412402F31180E0011864D /* Frameworks */ = {
			isa = PBXFrameworksBuildPhase;
			buildActionMask = 2147483647;
			files = (
				2AF412CB2F31AE730011864D /* Supabase in Frameworks */,
				2AF412C92F31AE730011864D /* Auth in Frameworks */,
				2AF413EB2F336E130011864D /* FirebaseAnalytics in Frameworks */,
				2AF413E42F32995E0011864D /* KakaoSDK in Frameworks */,
				2AF413E82F32995E0011864D /* KakaoSDKCommon in Frameworks */,
				2AF413E62F32995E0011864D /* KakaoSDKAuth in Frameworks */,
			);
			runOnlyForDeploymentPostprocessing = 0;
		};
		2AF4124D2F31180F0011864D /* Frameworks */ = {
			isa = PBXFrameworksBuildPhase;
			buildActionMask = 2147483647;
			files = (
			);
			runOnlyForDeploymentPostprocessing = 0;
		};
		2AF412572F31180F0011864D /* Frameworks */ = {
			isa = PBXFrameworksBuildPhase;
			buildActionMask = 2147483647;
			files = (
			);
			runOnlyForDeploymentPostprocessing = 0;
		};
/* End PBXFrameworksBuildPhase section */

/* Begin PBXGroup section */
		2AF4123A2F31180E0011864D = {
			isa = PBXGroup;
			children = (
				9A0F7D9B2B0E4C5F9C1E2345 /* ../Config/Secrets.xcconfig */,
				2AF412452F31180E0011864D /* 오늘얼마? */,
				2AF412532F31180F0011864D /* 오늘얼마?Tests */,
				2AF4125D2F31180F0011864D /* 오늘얼마?UITests */,
				2A981EDC2F4AD93C00F9DFC5 /* 수당수당위젯 */,
				2AF412C72F31AE560011864D /* Frameworks */,
				2AF412442F31180E0011864D /* Products */,
			);
			sourceTree = "<group>";
		};
		2AF412442F31180E0011864D /* Products */ = {
			isa = PBXGroup;
			children = (
				2AF412432F31180E0011864D /* HowMuchToday.app */,
				2AF412502F31180F0011864D /* 오늘얼마?Tests.xctest */,
				2AF4125A2F31180F0011864D /* 오늘얼마?UITests.xctest */,
				2A981ED72F4AD93C00F9DFC5 /* 수당수당위젯Extension.appex */,
			);
			name = Products;
			sourceTree = "<group>";
		};
		2AF412C72F31AE560011864D /* Frameworks */ = {
			isa = PBXGroup;
			children = (
				2A981ED82F4AD93C00F9DFC5 /* WidgetKit.framework */,
				2A981EDA2F4AD93C00F9DFC5 /* SwiftUI.framework */,
			);
			name = Frameworks;
			sourceTree = "<group>";
		};
/* End PBXGroup section */

/* Begin PBXNativeTarget section */
		2A981ED62F4AD93C00F9DFC5 /* 수당수당위젯Extension */ = {
			isa = PBXNativeTarget;
			buildConfigurationList = 2A981EEE2F4AD93E00F9DFC5 /* Build configuration list for PBXNativeTarget "수당수당위젯Extension" */;
			buildPhases = (
				2A981ED32F4AD93C00F9DFC5 /* Sources */,
				2A981ED42F4AD93C00F9DFC5 /* Frameworks */,
				2A981ED52F4AD93C00F9DFC5 /* Resources */,
			);
			buildRules = (
			);
			dependencies = (
			);
			fileSystemSynchronizedGroups = (
				2A981EDC2F4AD93C00F9DFC5 /* 수당수당위젯 */,
			);
			name = "수당수당위젯Extension";
			packageProductDependencies = (
			);
			productName = "수당수당위젯Extension";
			productReference = 2A981ED72F4AD93C00F9DFC5 /* 수당수당위젯Extension.appex */;
			productType = "com.apple.product-type.app-extension";
		};
		2AF412422F31180E0011864D /* 오늘얼마 */ = {
			isa = PBXNativeTarget;
			buildConfigurationList = 2AF412642F31180F0011864D /* Build configuration list for PBXNativeTarget "오늘얼마" */;
			buildPhases = (
				2AF4123F2F31180E0011864D /* Sources */,
				2AF412402F31180E0011864D /* Frameworks */,
				2AF412412F31180E0011864D /* Resources */,
				2A981EF12F4AD93E00F9DFC5 /* Embed Foundation Extensions */,
			);
			buildRules = (
			);
			dependencies = (
				2A981EEB2F4AD93E00F9DFC5 /* PBXTargetDependency */,
			);
			fileSystemSynchronizedGroups = (
				2AF412452F31180E0011864D /* 오늘얼마? */,
			);
			name = "오늘얼마";
			packageProductDependencies = (
				2AF412C82F31AE730011864D /* Auth */,
				2AF412CA2F31AE730011864D /* Supabase */,
				2AF413E32F32995E0011864D /* KakaoSDK */,
				2AF413E52F32995E0011864D /* KakaoSDKAuth */,
				2AF413E72F32995E0011864D /* KakaoSDKCommon */,
				2AF413EA2F336E130011864D /* FirebaseAnalytics */,
			);
			productName = "오늘얼마";
			productReference = 2AF412432F31180E0011864D /* HowMuchToday.app */;
			productType = "com.apple.product-type.application";
		};
		2AF4124F2F31180F0011864D /* 오늘얼마Tests */ = {
			isa = PBXNativeTarget;
			buildConfigurationList = 2AF412672F31180F0011864D /* Build configuration list for PBXNativeTarget "오늘얼마Tests" */;
			buildPhases = (
				2AF4124C2F31180F0011864D /* Sources */,
				2AF4124D2F31180F0011864D /* Frameworks */,
				2AF4124E2F31180F0011864D /* Resources */,
			);
			buildRules = (
			);
			dependencies = (
				2AF412522F31180F0011864D /* PBXTargetDependency */,
			);
			fileSystemSynchronizedGroups = (
				2AF412532F31180F0011864D /* 오늘얼마?Tests */,
			);
			name = "오늘얼마Tests";
			packageProductDependencies = (
			);
			productName = "오늘얼마Tests";
			productReference = 2AF412502F31180F0011864D /* 오늘얼마?Tests.xctest */;
			productType = "com.apple.product-type.bundle.unit-test";
		};
		2AF412592F31180F0011864D /* 오늘얼마UITests */ = {
			isa = PBXNativeTarget;
			buildConfigurationList = 2AF4126A2F31180F0011864D /* Build configuration list for PBXNativeTarget "오늘얼마UITests" */;
			buildPhases = (
				2AF412562F31180F0011864D /* Sources */,
				2AF412572F31180F0011864D /* Frameworks */,
				2AF412582F31180F0011864D /* Resources */,
			);
			buildRules = (
			);
			dependencies = (
				2AF4125C2F31180F0011864D /* PBXTargetDependency */,
			);
			fileSystemSynchronizedGroups = (
				2AF4125D2F31180F0011864D /* 오늘얼마?UITests */,
			);
			name = "오늘얼마UITests";
			packageProductDependencies = (
			);
			productName = "오늘얼마UITests";
			productReference = 2AF4125A2F31180F0011864D /* 오늘얼마?UITests.xctest */;
			productType = "com.apple.product-type.bundle.ui-testing";
		};
/* End PBXNativeTarget section */

/* Begin PBXProject section */
		2AF4123B2F31180E0011864D /* Project object */ = {
			isa = PBXProject;
			attributes = {
				BuildIndependentTargetsInParallel = 1;
				LastSwiftUpdateCheck = 2620;
				LastUpgradeCheck = 2620;
				TargetAttributes = {
					2A981ED62F4AD93C00F9DFC5 = {
						CreatedOnToolsVersion = 26.2;
					};
					2AF412422F31180E0011864D = {
						CreatedOnToolsVersion = 26.2;
					};
					2AF4124F2F31180F0011864D = {
						CreatedOnToolsVersion = 26.2;
						TestTargetID = 2AF412422F31180E0011864D;
					};
					2AF412592F31180F0011864D = {
						CreatedOnToolsVersion = 26.2;
						TestTargetID = 2AF412422F31180E0011864D;
					};
				};
			};
			buildConfigurationList = 2AF4123E2F31180E0011864D /* Build configuration list for PBXProject "오늘얼마?" */;
			developmentRegion = en;
			hasScannedForEncodings = 0;
			knownRegions = (
				en,
				Base,
			);
			mainGroup = 2AF4123A2F31180E0011864D;
			minimizedProjectReferenceProxies = 1;
			packageReferences = (
				2AF412C52F3129260011864D /* XCRemoteSwiftPackageReference "supabase-swift" */,
				2AF413E22F32995E0011864D /* XCRemoteSwiftPackageReference "kakao-ios-sdk" */,
				2AF413E92F336E130011864D /* XCRemoteSwiftPackageReference "firebase-ios-sdk" */,
			);
			preferredProjectObjectVersion = 77;
			productRefGroup = 2AF412442F31180E0011864D /* Products */;
			projectDirPath = "";
			projectRoot = "";
			targets = (
				2AF412422F31180E0011864D /* 오늘얼마 */,
				2AF4124F2F31180F0011864D /* 오늘얼마Tests */,
				2AF412592F31180F0011864D /* 오늘얼마UITests */,
				2A981ED62F4AD93C00F9DFC5 /* 수당수당위젯Extension */,
			);
		};
/* End PBXProject section */

/* Begin PBXResourcesBuildPhase section */
		2A981ED52F4AD93C00F9DFC5 /* Resources */ = {
			isa = PBXResourcesBuildPhase;
			buildActionMask = 2147483647;
			files = (
			);
			runOnlyForDeploymentPostprocessing = 0;
		};
		2AF412412F31180E0011864D /* Resources */ = {
			isa = PBXResourcesBuildPhase;
			buildActionMask = 2147483647;
			files = (
			);
			runOnlyForDeploymentPostprocessing = 0;
		};
		2AF4124E2F31180F0011864D /* Resources */ = {
			isa = PBXResourcesBuildPhase;
			buildActionMask = 2147483647;
			files = (
			);
			runOnlyForDeploymentPostprocessing = 0;
		};
		2AF412582F31180F0011864D /* Resources */ = {
			isa = PBXResourcesBuildPhase;
			buildActionMask = 2147483647;
			files = (
			);
			runOnlyForDeploymentPostprocessing = 0;
		};
/* End PBXResourcesBuildPhase section */

/* Begin PBXSourcesBuildPhase section */
		2A981ED32F4AD93C00F9DFC5 /* Sources */ = {
			isa = PBXSourcesBuildPhase;
			buildActionMask = 2147483647;
			files = (
			);
			runOnlyForDeploymentPostprocessing = 0;
		};
		2AF4123F2F31180E0011864D /* Sources */ = {
			isa = PBXSourcesBuildPhase;
			buildActionMask = 2147483647;
			files = (
			);
			runOnlyForDeploymentPostprocessing = 0;
		};
		2AF4124C2F31180F0011864D /* Sources */ = {
			isa = PBXSourcesBuildPhase;
			buildActionMask = 2147483647;
			files = (
			);
			runOnlyForDeploymentPostprocessing = 0;
		};
		2AF412562F31180F0011864D /* Sources */ = {
			isa = PBXSourcesBuildPhase;
			buildActionMask = 2147483647;
			files = (
			);
			runOnlyForDeploymentPostprocessing = 0;
		};
/* End PBXSourcesBuildPhase section */

/* Begin PBXTargetDependency section */
		2A981EEB2F4AD93E00F9DFC5 /* PBXTargetDependency */ = {
			isa = PBXTargetDependency;
			target = 2A981ED62F4AD93C00F9DFC5 /* 수당수당위젯Extension */;
			targetProxy = 2A981EEA2F4AD93E00F9DFC5 /* PBXContainerItemProxy */;
		};
		2AF412522F31180F0011864D /* PBXTargetDependency */ = {
			isa = PBXTargetDependency;
			target = 2AF412422F31180E0011864D /* 오늘얼마 */;
			targetProxy = 2AF412512F31180F0011864D /* PBXContainerItemProxy */;
		};
		2AF4125C2F31180F0011864D /* PBXTargetDependency */ = {
			isa = PBXTargetDependency;
			target = 2AF412422F31180E0011864D /* 오늘얼마 */;
			targetProxy = 2AF4125B2F31180F0011864D /* PBXContainerItemProxy */;
		};
/* End PBXTargetDependency section */

/* Begin XCBuildConfiguration section */
		2A981EEF2F4AD93E00F9DFC5 /* Debug */ = {
			isa = XCBuildConfiguration;
			buildSettings = {
				ASSETCATALOG_COMPILER_GLOBAL_ACCENT_COLOR_NAME = AccentColor;
				ASSETCATALOG_COMPILER_WIDGET_BACKGROUND_COLOR_NAME = WidgetBackground;
				CODE_SIGN_STYLE = Automatic;
				CURRENT_PROJECT_VERSION = 12;
				DEVELOPMENT_TEAM = YA6CU6MN98;
				GENERATE_INFOPLIST_FILE = YES;
				INFOPLIST_FILE = "수당수당위젯/Info.plist";
				INFOPLIST_KEY_CFBundleDisplayName = "수당수당위젯";
				INFOPLIST_KEY_NSHumanReadableCopyright = "";
				LD_RUNPATH_SEARCH_PATHS = (
					"$(inherited)",
					"@executable_path/Frameworks",
					"@executable_path/../../Frameworks",
				);
				MARKETING_VERSION = 1.0.3;
				PRODUCT_BUNDLE_IDENTIFIER = "seungwonahn.howmuchtoday.---------------";
				PRODUCT_NAME = "$(TARGET_NAME)";
				SKIP_INSTALL = YES;
				STRING_CATALOG_GENERATE_SYMBOLS = YES;
				SWIFT_APPROACHABLE_CONCURRENCY = YES;
				SWIFT_EMIT_LOC_STRINGS = YES;
				SWIFT_UPCOMING_FEATURE_MEMBER_IMPORT_VISIBILITY = YES;
				SWIFT_VERSION = 5.0;
				TARGETED_DEVICE_FAMILY = "1,2";
			};
			name = Debug;
		};
		2A981EF02F4AD93E00F9DFC5 /* Release */ = {
			isa = XCBuildConfiguration;
			buildSettings = {
				ASSETCATALOG_COMPILER_GLOBAL_ACCENT_COLOR_NAME = AccentColor;
				ASSETCATALOG_COMPILER_WIDGET_BACKGROUND_COLOR_NAME = WidgetBackground;
				CODE_SIGN_STYLE = Automatic;
				CURRENT_PROJECT_VERSION = 12;
				DEVELOPMENT_TEAM = YA6CU6MN98;
				GENERATE_INFOPLIST_FILE = YES;
				INFOPLIST_FILE = "수당수당위젯/Info.plist";
				INFOPLIST_KEY_CFBundleDisplayName = "수당수당위젯";
				INFOPLIST_KEY_NSHumanReadableCopyright = "";
				LD_RUNPATH_SEARCH_PATHS = (
					"$(inherited)",
					"@executable_path/Frameworks",
					"@executable_path/../../Frameworks",
				);
				MARKETING_VERSION = 1.0.3;
				PRODUCT_BUNDLE_IDENTIFIER = "seungwonahn.howmuchtoday.---------------";
				PRODUCT_NAME = "$(TARGET_NAME)";
				PROVISIONING_PROFILE_SPECIFIER = "";
				SKIP_INSTALL = YES;
				STRING_CATALOG_GENERATE_SYMBOLS = YES;
				SWIFT_APPROACHABLE_CONCURRENCY = YES;
				SWIFT_EMIT_LOC_STRINGS = YES;
				SWIFT_UPCOMING_FEATURE_MEMBER_IMPORT_VISIBILITY = YES;
				SWIFT_VERSION = 5.0;
				TARGETED_DEVICE_FAMILY = "1,2";
			};
			name = Release;
		};
		2AF412622F31180F0011864D /* Debug */ = {
			isa = XCBuildConfiguration;
			buildSettings = {
				ALWAYS_SEARCH_USER_PATHS = NO;
				ASSETCATALOG_COMPILER_GENERATE_SWIFT_ASSET_SYMBOL_EXTENSIONS = YES;
				CLANG_ANALYZER_NONNULL = YES;
				CLANG_ANALYZER_NUMBER_OBJECT_CONVERSION = YES_AGGRESSIVE;
				CLANG_CXX_LANGUAGE_STANDARD = "gnu++20";
				CLANG_ENABLE_MODULES = YES;
				CLANG_ENABLE_OBJC_ARC = YES;
				CLANG_ENABLE_OBJC_WEAK = YES;
				CLANG_WARN_BLOCK_CAPTURE_AUTORELEASING = YES;
				CLANG_WARN_BOOL_CONVERSION = YES;
				CLANG_WARN_COMMA = YES;
				CLANG_WARN_CONSTANT_CONVERSION = YES;
				CLANG_WARN_DEPRECATED_OBJC_IMPLEMENTATIONS = YES;
				CLANG_WARN_DIRECT_OBJC_ISA_USAGE = YES_ERROR;
				CLANG_WARN_DOCUMENTATION_COMMENTS = YES;
				CLANG_WARN_EMPTY_BODY = YES;
				CLANG_WARN_ENUM_CONVERSION = YES;
				CLANG_WARN_INFINITE_RECURSION = YES;
				CLANG_WARN_INT_CONVERSION = YES;
				CLANG_WARN_NON_LITERAL_NULL_CONVERSION = YES;
				CLANG_WARN_OBJC_IMPLICIT_RETAIN_SELF = YES;
				CLANG_WARN_OBJC_LITERAL_CONVERSION = YES;
				CLANG_WARN_OBJC_ROOT_CLASS = YES_ERROR;
				CLANG_WARN_QUOTED_INCLUDE_IN_FRAMEWORK_HEADER = YES;
				CLANG_WARN_RANGE_LOOP_ANALYSIS = YES;
				CLANG_WARN_STRICT_PROTOTYPES = YES;
				CLANG_WARN_SUSPICIOUS_MOVE = YES;
				CLANG_WARN_UNGUARDED_AVAILABILITY = YES_AGGRESSIVE;
				CLANG_WARN_UNREACHABLE_CODE = YES;
				CLANG_WARN__DUPLICATE_METHOD_MATCH = YES;
				COPY_PHASE_STRIP = NO;
				DEBUG_INFORMATION_FORMAT = dwarf;
				DEVELOPMENT_TEAM = YA6CU6MN98;
				ENABLE_STRICT_OBJC_MSGSEND = YES;
				ENABLE_TESTABILITY = YES;
				ENABLE_USER_SCRIPT_SANDBOXING = YES;
				GCC_C_LANGUAGE_STANDARD = gnu17;
				GCC_DYNAMIC_NO_PIC = NO;
				GCC_NO_COMMON_BLOCKS = YES;
				GCC_OPTIMIZATION_LEVEL = 0;
				GCC_PREPROCESSOR_DEFINITIONS = (
					"DEBUG=1",
					"$(inherited)",
				);
				GCC_WARN_64_TO_32_BIT_CONVERSION = YES;
				GCC_WARN_ABOUT_RETURN_TYPE = YES_ERROR;
				GCC_WARN_UNDECLARED_SELECTOR = YES;
				GCC_WARN_UNINITIALIZED_AUTOS = YES_AGGRESSIVE;
				GCC_WARN_UNUSED_FUNCTION = YES;
				GCC_WARN_UNUSED_VARIABLE = YES;
				IPHONEOS_DEPLOYMENT_TARGET = 26.2;
				LOCALIZATION_PREFERS_STRING_CATALOGS = YES;
				MTL_ENABLE_DEBUG_INFO = INCLUDE_SOURCE;
				MTL_FAST_MATH = YES;
				ONLY_ACTIVE_ARCH = YES;
				SDKROOT = iphoneos;
				SWIFT_ACTIVE_COMPILATION_CONDITIONS = "DEBUG $(inherited)";
				SWIFT_OPTIMIZATION_LEVEL = "-Onone";
			};
			name = Debug;
		};
		2AF412632F31180F0011864D /* Release */ = {
			isa = XCBuildConfiguration;
			buildSettings = {
				ALWAYS_SEARCH_USER_PATHS = NO;
				ASSETCATALOG_COMPILER_GENERATE_SWIFT_ASSET_SYMBOL_EXTENSIONS = YES;
				CLANG_ANALYZER_NONNULL = YES;
				CLANG_ANALYZER_NUMBER_OBJECT_CONVERSION = YES_AGGRESSIVE;
				CLANG_CXX_LANGUAGE_STANDARD = "gnu++20";
				CLANG_ENABLE_MODULES = YES;
				CLANG_ENABLE_OBJC_ARC = YES;
				CLANG_ENABLE_OBJC_WEAK = YES;
				CLANG_WARN_BLOCK_CAPTURE_AUTORELEASING = YES;
				CLANG_WARN_BOOL_CONVERSION = YES;
				CLANG_WARN_COMMA = YES;
				CLANG_WARN_CONSTANT_CONVERSION = YES;
				CLANG_WARN_DEPRECATED_OBJC_IMPLEMENTATIONS = YES;
				CLANG_WARN_DIRECT_OBJC_ISA_USAGE = YES_ERROR;
				CLANG_WARN_DOCUMENTATION_COMMENTS = YES;
				CLANG_WARN_EMPTY_BODY = YES;
				CLANG_WARN_ENUM_CONVERSION = YES;
				CLANG_WARN_INFINITE_RECURSION = YES;
				CLANG_WARN_INT_CONVERSION = YES;
				CLANG_WARN_NON_LITERAL_NULL_CONVERSION = YES;
				CLANG_WARN_OBJC_IMPLICIT_RETAIN_SELF = YES;
				CLANG_WARN_OBJC_LITERAL_CONVERSION = YES;
				CLANG_WARN_OBJC_ROOT_CLASS = YES_ERROR;
				CLANG_WARN_QUOTED_INCLUDE_IN_FRAMEWORK_HEADER = YES;
				CLANG_WARN_RANGE_LOOP_ANALYSIS = YES;
				CLANG_WARN_STRICT_PROTOTYPES = YES;
				CLANG_WARN_SUSPICIOUS_MOVE = YES;
				CLANG_WARN_UNGUARDED_AVAILABILITY = YES_AGGRESSIVE;
				CLANG_WARN_UNREACHABLE_CODE = YES;
				CLANG_WARN__DUPLICATE_METHOD_MATCH = YES;
				COPY_PHASE_STRIP = NO;
				DEBUG_INFORMATION_FORMAT = "dwarf-with-dsym";
				DEVELOPMENT_TEAM = YA6CU6MN98;
				ENABLE_NS_ASSERTIONS = NO;
				ENABLE_STRICT_OBJC_MSGSEND = YES;
				ENABLE_USER_SCRIPT_SANDBOXING = YES;
				GCC_C_LANGUAGE_STANDARD = gnu17;
				GCC_NO_COMMON_BLOCKS = YES;
				GCC_WARN_64_TO_32_BIT_CONVERSION = YES;
				GCC_WARN_ABOUT_RETURN_TYPE = YES_ERROR;
				GCC_WARN_UNDECLARED_SELECTOR = YES;
				GCC_WARN_UNINITIALIZED_AUTOS = YES_AGGRESSIVE;
				GCC_WARN_UNUSED_FUNCTION = YES;
				GCC_WARN_UNUSED_VARIABLE = YES;
				IPHONEOS_DEPLOYMENT_TARGET = 26.2;
				LOCALIZATION_PREFERS_STRING_CATALOGS = YES;
				MTL_ENABLE_DEBUG_INFO = NO;
				MTL_FAST_MATH = YES;
				SDKROOT = iphoneos;
				SWIFT_COMPILATION_MODE = wholemodule;
				VALIDATE_PRODUCT = YES;
			};
			name = Release;
		};
		2AF412652F31180F0011864D /* Debug */ = {
			isa = XCBuildConfiguration;
			baseConfigurationReference = 9A0F7D9B2B0E4C5F9C1E2345 /* ../Config/Secrets.xcconfig */;
			buildSettings = {
				ASSETCATALOG_COMPILER_APPICON_NAME = AppIcon;
				ASSETCATALOG_COMPILER_GLOBAL_ACCENT_COLOR_NAME = AccentColor;
				CODE_SIGN_ENTITLEMENTS = "오늘얼마?/오늘얼마?.entitlements";
				CODE_SIGN_STYLE = Automatic;
				CURRENT_PROJECT_VERSION = 12;
				DEVELOPMENT_TEAM = YA6CU6MN98;
				ENABLE_PREVIEWS = YES;
				GENERATE_INFOPLIST_FILE = YES;
				INFOPLIST_FILE = "------------Info.plist";
				INFOPLIST_KEY_KAKAO_NATIVE_APP_KEY = "$(KAKAO_NATIVE_APP_KEY)";
				INFOPLIST_KEY_KAKAO_REST_API_KEY = "$(KAKAO_REST_API_KEY)";
				INFOPLIST_KEY_SUPABASE_ANON_KEY = "$(SUPABASE_ANON_KEY)";
				INFOPLIST_KEY_SUPABASE_URL = "$(SUPABASE_URL)";
				INFOPLIST_KEY_UIApplicationSceneManifest_Generation = YES;
				INFOPLIST_KEY_UIApplicationSupportsIndirectInputEvents = YES;
				INFOPLIST_KEY_UILaunchScreen_Generation = YES;
				INFOPLIST_KEY_UISupportedInterfaceOrientations_iPad = "UIInterfaceOrientationPortrait UIInterfaceOrientationPortraitUpsideDown UIInterfaceOrientationLandscapeLeft UIInterfaceOrientationLandscapeRight";
				INFOPLIST_KEY_UISupportedInterfaceOrientations_iPhone = "UIInterfaceOrientationPortrait UIInterfaceOrientationLandscapeLeft UIInterfaceOrientationLandscapeRight";
				LD_RUNPATH_SEARCH_PATHS = (
					"$(inherited)",
					"@executable_path/Frameworks",
				);
				MARKETING_VERSION = 1.0.3;
				PRODUCT_BUNDLE_IDENTIFIER = seungwonahn.howmuchtoday;
				PRODUCT_NAME = HowMuchToday;
				STRING_CATALOG_GENERATE_SYMBOLS = YES;
				SUPPORTED_PLATFORMS = "iphoneos iphonesimulator";
				SUPPORTS_MACCATALYST = NO;
				SWIFT_APPROACHABLE_CONCURRENCY = YES;
				SWIFT_DEFAULT_ACTOR_ISOLATION = MainActor;
				SWIFT_EMIT_LOC_STRINGS = YES;
				SWIFT_UPCOMING_FEATURE_MEMBER_IMPORT_VISIBILITY = YES;
				SWIFT_VERSION = 5.0;
				TARGETED_DEVICE_FAMILY = 1;
			};
			name = Debug;
		};
		2AF412662F31180F0011864D /* Release */ = {
			isa = XCBuildConfiguration;
			baseConfigurationReference = 9A0F7D9B2B0E4C5F9C1E2345 /* ../Config/Secrets.xcconfig */;
			buildSettings = {
				ASSETCATALOG_COMPILER_APPICON_NAME = AppIcon;
				ASSETCATALOG_COMPILER_GLOBAL_ACCENT_COLOR_NAME = AccentColor;
				CODE_SIGN_ENTITLEMENTS = "오늘얼마?/오늘얼마?.entitlements";
				CODE_SIGN_STYLE = Automatic;
				CURRENT_PROJECT_VERSION = 12;
				DEVELOPMENT_TEAM = YA6CU6MN98;
				ENABLE_PREVIEWS = YES;
				GENERATE_INFOPLIST_FILE = YES;
				INFOPLIST_FILE = "------------Info.plist";
				INFOPLIST_KEY_KAKAO_NATIVE_APP_KEY = "$(KAKAO_NATIVE_APP_KEY)";
				INFOPLIST_KEY_KAKAO_REST_API_KEY = "$(KAKAO_REST_API_KEY)";
				INFOPLIST_KEY_SUPABASE_ANON_KEY = "$(SUPABASE_ANON_KEY)";
				INFOPLIST_KEY_SUPABASE_URL = "$(SUPABASE_URL)";
				INFOPLIST_KEY_UIApplicationSceneManifest_Generation = YES;
				INFOPLIST_KEY_UIApplicationSupportsIndirectInputEvents = YES;
				INFOPLIST_KEY_UILaunchScreen_Generation = YES;
				INFOPLIST_KEY_UISupportedInterfaceOrientations_iPad = "UIInterfaceOrientationPortrait UIInterfaceOrientationPortraitUpsideDown UIInterfaceOrientationLandscapeLeft UIInterfaceOrientationLandscapeRight";
				INFOPLIST_KEY_UISupportedInterfaceOrientations_iPhone = "UIInterfaceOrientationPortrait UIInterfaceOrientationLandscapeLeft UIInterfaceOrientationLandscapeRight";
				LD_RUNPATH_SEARCH_PATHS = (
					"$(inherited)",
					"@executable_path/Frameworks",
				);
				MARKETING_VERSION = 1.0.3;
				PRODUCT_BUNDLE_IDENTIFIER = seungwonahn.howmuchtoday;
				PRODUCT_NAME = HowMuchToday;
				PROVISIONING_PROFILE_SPECIFIER = "";
				STRING_CATALOG_GENERATE_SYMBOLS = YES;
				SUPPORTED_PLATFORMS = "iphoneos iphonesimulator";
				SUPPORTS_MACCATALYST = NO;
				SWIFT_APPROACHABLE_CONCURRENCY = YES;
				SWIFT_DEFAULT_ACTOR_ISOLATION = MainActor;
				SWIFT_EMIT_LOC_STRINGS = YES;
				SWIFT_UPCOMING_FEATURE_MEMBER_IMPORT_VISIBILITY = YES;
				SWIFT_VERSION = 5.0;
				TARGETED_DEVICE_FAMILY = 1;
			};
			name = Release;
		};
		2AF412682F31180F0011864D /* Debug */ = {
			isa = XCBuildConfiguration;
			buildSettings = {
				BUNDLE_LOADER = "$(TEST_HOST)";
				CODE_SIGN_STYLE = Automatic;
				CURRENT_PROJECT_VERSION = 1;
				DEVELOPMENT_TEAM = YA6CU6MN98;
				GENERATE_INFOPLIST_FILE = YES;
				IPHONEOS_DEPLOYMENT_TARGET = 26.2;
				MARKETING_VERSION = 1.0;
				PRODUCT_BUNDLE_IDENTIFIER = "seungwonahn.-----------Tests";
				PRODUCT_NAME = "$(TARGET_NAME)";
				STRING_CATALOG_GENERATE_SYMBOLS = NO;
				SWIFT_APPROACHABLE_CONCURRENCY = YES;
				SWIFT_EMIT_LOC_STRINGS = NO;
				SWIFT_UPCOMING_FEATURE_MEMBER_IMPORT_VISIBILITY = YES;
				SWIFT_VERSION = 5.0;
				TARGETED_DEVICE_FAMILY = "1,2";
				TEST_HOST = "$(BUILT_PRODUCTS_DIR)/오늘얼마?.app/$(BUNDLE_EXECUTABLE_FOLDER_PATH)/오늘얼마?";
			};
			name = Debug;
		};
		2AF412692F31180F0011864D /* Release */ = {
			isa = XCBuildConfiguration;
			buildSettings = {
				BUNDLE_LOADER = "$(TEST_HOST)";
				CODE_SIGN_STYLE = Automatic;
				CURRENT_PROJECT_VERSION = 1;
				DEVELOPMENT_TEAM = YA6CU6MN98;
				GENERATE_INFOPLIST_FILE = YES;
				IPHONEOS_DEPLOYMENT_TARGET = 26.2;
				MARKETING_VERSION = 1.0;
				PRODUCT_BUNDLE_IDENTIFIER = "seungwonahn.-----------Tests";
				PRODUCT_NAME = "$(TARGET_NAME)";
				STRING_CATALOG_GENERATE_SYMBOLS = NO;
				SWIFT_APPROACHABLE_CONCURRENCY = YES;
				SWIFT_EMIT_LOC_STRINGS = NO;
				SWIFT_UPCOMING_FEATURE_MEMBER_IMPORT_VISIBILITY = YES;
				SWIFT_VERSION = 5.0;
				TARGETED_DEVICE_FAMILY = "1,2";
				TEST_HOST = "$(BUILT_PRODUCTS_DIR)/오늘얼마?.app/$(BUNDLE_EXECUTABLE_FOLDER_PATH)/오늘얼마?";
			};
			name = Release;
		};
		2AF4126B2F31180F0011864D /* Debug */ = {
			isa = XCBuildConfiguration;
			buildSettings = {
				CODE_SIGN_STYLE = Automatic;
				CURRENT_PROJECT_VERSION = 1;
				DEVELOPMENT_TEAM = YA6CU6MN98;
				GENERATE_INFOPLIST_FILE = YES;
				MARKETING_VERSION = 1.0;
				PRODUCT_BUNDLE_IDENTIFIER = "seungwonahn.-----------UITests";
				PRODUCT_NAME = "$(TARGET_NAME)";
				STRING_CATALOG_GENERATE_SYMBOLS = NO;
				SWIFT_APPROACHABLE_CONCURRENCY = YES;
				SWIFT_EMIT_LOC_STRINGS = NO;
				SWIFT_UPCOMING_FEATURE_MEMBER_IMPORT_VISIBILITY = YES;
				SWIFT_VERSION = 5.0;
				TARGETED_DEVICE_FAMILY = "1,2";
				TEST_TARGET_NAME = "오늘얼마";
			};
			name = Debug;
		};
		2AF4126C2F31180F0011864D /* Release */ = {
			isa = XCBuildConfiguration;
			buildSettings = {
				CODE_SIGN_STYLE = Automatic;
				CURRENT_PROJECT_VERSION = 1;
				DEVELOPMENT_TEAM = YA6CU6MN98;
				GENERATE_INFOPLIST_FILE = YES;
				MARKETING_VERSION = 1.0;
				PRODUCT_BUNDLE_IDENTIFIER = "seungwonahn.-----------UITests";
				PRODUCT_NAME = "$(TARGET_NAME)";
				STRING_CATALOG_GENERATE_SYMBOLS = NO;
				SWIFT_APPROACHABLE_CONCURRENCY = YES;
				SWIFT_EMIT_LOC_STRINGS = NO;
				SWIFT_UPCOMING_FEATURE_MEMBER_IMPORT_VISIBILITY = YES;
				SWIFT_VERSION = 5.0;
				TARGETED_DEVICE_FAMILY = "1,2";
				TEST_TARGET_NAME = "오늘얼마";
			};
			name = Release;
		};
/* End XCBuildConfiguration section */

/* Begin XCConfigurationList section */
		2A981EEE2F4AD93E00F9DFC5 /* Build configuration list for PBXNativeTarget "수당수당위젯Extension" */ = {
			isa = XCConfigurationList;
			buildConfigurations = (
				2A981EEF2F4AD93E00F9DFC5 /* Debug */,
				2A981EF02F4AD93E00F9DFC5 /* Release */,
			);
			defaultConfigurationIsVisible = 0;
			defaultConfigurationName = Release;
		};
		2AF4123E2F31180E0011864D /* Build configuration list for PBXProject "오늘얼마?" */ = {
			isa = XCConfigurationList;
			buildConfigurations = (
				2AF412622F31180F0011864D /* Debug */,
				2AF412632F31180F0011864D /* Release */,
			);
			defaultConfigurationIsVisible = 0;
			defaultConfigurationName = Release;
		};
		2AF412642F31180F0011864D /* Build configuration list for PBXNativeTarget "오늘얼마" */ = {
			isa = XCConfigurationList;
			buildConfigurations = (
				2AF412652F31180F0011864D /* Debug */,
				2AF412662F31180F0011864D /* Release */,
			);
			defaultConfigurationIsVisible = 0;
			defaultConfigurationName = Release;
		};
		2AF412672F31180F0011864D /* Build configuration list for PBXNativeTarget "오늘얼마Tests" */ = {
			isa = XCConfigurationList;
			buildConfigurations = (
				2AF412682F31180F0011864D /* Debug */,
				2AF412692F31180F0011864D /* Release */,
			);
			defaultConfigurationIsVisible = 0;
			defaultConfigurationName = Release;
		};
		2AF4126A2F31180F0011864D /* Build configuration list for PBXNativeTarget "오늘얼마UITests" */ = {
			isa = XCConfigurationList;
			buildConfigurations = (
				2AF4126B2F31180F0011864D /* Debug */,
				2AF4126C2F31180F0011864D /* Release */,
			);
			defaultConfigurationIsVisible = 0;
			defaultConfigurationName = Release;
		};
/* End XCConfigurationList section */

/* Begin XCRemoteSwiftPackageReference section */
		2AF412C52F3129260011864D /* XCRemoteSwiftPackageReference "supabase-swift" */ = {
			isa = XCRemoteSwiftPackageReference;
			repositoryURL = "https://github.com/supabase-community/supabase-swift";
			requirement = {
				kind = upToNextMajorVersion;
				minimumVersion = 2.5.1;
			};
		};
		2AF413E22F32995E0011864D /* XCRemoteSwiftPackageReference "kakao-ios-sdk" */ = {
			isa = XCRemoteSwiftPackageReference;
			repositoryURL = "https://github.com/kakao/kakao-ios-sdk";
			requirement = {
				kind = upToNextMajorVersion;
				minimumVersion = 2.27.2;
			};
		};
		2AF413E92F336E130011864D /* XCRemoteSwiftPackageReference "firebase-ios-sdk" */ = {
			isa = XCRemoteSwiftPackageReference;
			repositoryURL = "https://github.com/firebase/firebase-ios-sdk";
			requirement = {
				kind = upToNextMajorVersion;
				minimumVersion = 12.9.0;
			};
		};
/* End XCRemoteSwiftPackageReference section */

/* Begin XCSwiftPackageProductDependency section */
		2AF412C82F31AE730011864D /* Auth */ = {
			isa = XCSwiftPackageProductDependency;
			package = 2AF412C52F3129260011864D /* XCRemoteSwiftPackageReference "supabase-swift" */;
			productName = Auth;
		};
		2AF412CA2F31AE730011864D /* Supabase */ = {
			isa = XCSwiftPackageProductDependency;
			package = 2AF412C52F3129260011864D /* XCRemoteSwiftPackageReference "supabase-swift" */;
			productName = Supabase;
		};
		2AF413E32F32995E0011864D /* KakaoSDK */ = {
			isa = XCSwiftPackageProductDependency;
			package = 2AF413E22F32995E0011864D /* XCRemoteSwiftPackageReference "kakao-ios-sdk" */;
			productName = KakaoSDK;
		};
		2AF413E52F32995E0011864D /* KakaoSDKAuth */ = {
			isa = XCSwiftPackageProductDependency;
			package = 2AF413E22F32995E0011864D /* XCRemoteSwiftPackageReference "kakao-ios-sdk" */;
			productName = KakaoSDKAuth;
		};
		2AF413E72F32995E0011864D /* KakaoSDKCommon */ = {
			isa = XCSwiftPackageProductDependency;
			package = 2AF413E22F32995E0011864D /* XCRemoteSwiftPackageReference "kakao-ios-sdk" */;
			productName = KakaoSDKCommon;
		};
		2AF413EA2F336E130011864D /* FirebaseAnalytics */ = {
			isa = XCSwiftPackageProductDependency;
			package = 2AF413E92F336E130011864D /* XCRemoteSwiftPackageReference "firebase-ios-sdk" */;
			productName = FirebaseAnalytics;
		};
/* End XCSwiftPackageProductDependency section */
	};
	rootObject = 2AF4123B2F31180E0011864D /* Project object */;
}
